// !$*UTF8*$!
{
	archiveVersion = 1;
	classes = {
	};
	objectVersion = 46;
	objects = {

/* Begin PBXBuildFile section */
		ED9B38A61C501F4300FC45B6 /* AppDelegate.swift in Sources */ = {isa = PBXBuildFile; fileRef = ED9B38A51C501F4300FC45B6 /* AppDelegate.swift */; };
		ED9B38AB1C501F4300FC45B6 /* Main.storyboard in Resources */ = {isa = PBXBuildFile; fileRef = ED9B38A91C501F4300FC45B6 /* Main.storyboard */; };
		ED9B38AD1C501F4300FC45B6 /* Assets.xcassets in Resources */ = {isa = PBXBuildFile; fileRef = ED9B38AC1C501F4300FC45B6 /* Assets.xcassets */; };
		ED9B38B01C501F4300FC45B6 /* LaunchScreen.storyboard in Resources */ = {isa = PBXBuildFile; fileRef = ED9B38AE1C501F4300FC45B6 /* LaunchScreen.storyboard */; };
		ED9B38BB1C501F4300FC45B6 /* iosUITests.swift in Sources */ = {isa = PBXBuildFile; fileRef = ED9B38BA1C501F4300FC45B6 /* iosUITests.swift */; };
		ED9B38C61C501FE700FC45B6 /* LoginViewController.swift in Sources */ = {isa = PBXBuildFile; fileRef = ED9B38C51C501FE700FC45B6 /* LoginViewController.swift */; };
		ED9B38C81C50300A00FC45B6 /* RegisterViewController.swift in Sources */ = {isa = PBXBuildFile; fileRef = ED9B38C71C50300A00FC45B6 /* RegisterViewController.swift */; };
		ED9B38CE1C5044D700FC45B6 /* prev.png in Resources */ = {isa = PBXBuildFile; fileRef = ED9B38C91C5044D700FC45B6 /* prev.png */; };
		ED9B38CF1C5044D700FC45B6 /* high.png in Resources */ = {isa = PBXBuildFile; fileRef = ED9B38CA1C5044D700FC45B6 /* high.png */; };
		ED9B38D01C5044D700FC45B6 /* icon.png in Resources */ = {isa = PBXBuildFile; fileRef = ED9B38CB1C5044D700FC45B6 /* icon.png */; };
		ED9B38D11C5044D700FC45B6 /* icon.psd in Resources */ = {isa = PBXBuildFile; fileRef = ED9B38CC1C5044D700FC45B6 /* icon.psd */; };
		ED9B38D21C5044D700FC45B6 /* noshadow.png in Resources */ = {isa = PBXBuildFile; fileRef = ED9B38CD1C5044D700FC45B6 /* noshadow.png */; };
		ED9B38D51C50482400FC45B6 /* 512.png in Resources */ = {isa = PBXBuildFile; fileRef = ED9B38D41C50482400FC45B6 /* 512.png */; };
		ED9B38DB1C5059E700FC45B6 /* rsz_4high.png in Resources */ = {isa = PBXBuildFile; fileRef = ED9B38D61C5059E700FC45B6 /* rsz_4high.png */; };
		ED9B38DC1C5059E700FC45B6 /* rsz_3high.png in Resources */ = {isa = PBXBuildFile; fileRef = ED9B38D71C5059E700FC45B6 /* rsz_3high.png */; };
		ED9B38DD1C5059E700FC45B6 /* rsz_2high.png in Resources */ = {isa = PBXBuildFile; fileRef = ED9B38D81C5059E700FC45B6 /* rsz_2high.png */; };
		ED9B38DE1C5059E700FC45B6 /* rsz_1high.png in Resources */ = {isa = PBXBuildFile; fileRef = ED9B38D91C5059E700FC45B6 /* rsz_1high.png */; };
		ED9B38DF1C5059E700FC45B6 /* rsz_high.png in Resources */ = {isa = PBXBuildFile; fileRef = ED9B38DA1C5059E700FC45B6 /* rsz_high.png */; };
		ED9B38E11C5185A700FC45B6 /* MainViewController.swift in Sources */ = {isa = PBXBuildFile; fileRef = ED9B38E01C5185A700FC45B6 /* MainViewController.swift */; };
		ED9B38EA1C518C5B00FC45B6 /* Diskcached.swift in Sources */ = {isa = PBXBuildFile; fileRef = ED9B38E31C518C5B00FC45B6 /* Diskcached.swift */; };
		ED9B38EB1C518C5B00FC45B6 /* ImageLoader.swift in Sources */ = {isa = PBXBuildFile; fileRef = ED9B38E51C518C5B00FC45B6 /* ImageLoader.swift */; };
		ED9B38EC1C518C5B00FC45B6 /* Info.plist in Resources */ = {isa = PBXBuildFile; fileRef = ED9B38E61C518C5B00FC45B6 /* Info.plist */; };
		ED9B38ED1C518C5B00FC45B6 /* Manager.swift in Sources */ = {isa = PBXBuildFile; fileRef = ED9B38E71C518C5B00FC45B6 /* Manager.swift */; };
		ED9B38EE1C518C5B00FC45B6 /* UIImage+ImageLoader.swift in Sources */ = {isa = PBXBuildFile; fileRef = ED9B38E81C518C5B00FC45B6 /* UIImage+ImageLoader.swift */; };
		ED9B38EF1C518C5B00FC45B6 /* UIImageView+ImageLoader.swift in Sources */ = {isa = PBXBuildFile; fileRef = ED9B38E91C518C5B00FC45B6 /* UIImageView+ImageLoader.swift */; };
		ED9B38F81C51B04300FC45B6 /* TabBar.swift in Sources */ = {isa = PBXBuildFile; fileRef = ED9B38F71C51B04300FC45B6 /* TabBar.swift */; };
		ED9B38FC1C51D92100FC45B6 /* rsz_placeholder-user-photo.png in Resources */ = {isa = PBXBuildFile; fileRef = ED9B38FB1C51D92100FC45B6 /* rsz_placeholder-user-photo.png */; };
/* End PBXBuildFile section */

/* Begin PBXContainerItemProxy section */
		ED9B38B71C501F4300FC45B6 /* PBXContainerItemProxy */ = {
			isa = PBXContainerItemProxy;
			containerPortal = ED9B389A1C501F4200FC45B6 /* Project object */;
			proxyType = 1;
			remoteGlobalIDString = ED9B38A11C501F4200FC45B6;
			remoteInfo = ios;
		};
/* End PBXContainerItemProxy section */

/* Begin PBXFileReference section */
		ED9B38A21C501F4200FC45B6 /* ios.app */ = {isa = PBXFileReference; explicitFileType = wrapper.application; includeInIndex = 0; path = ios.app; sourceTree = BUILT_PRODUCTS_DIR; };
		ED9B38A51C501F4300FC45B6 /* AppDelegate.swift */ = {isa = PBXFileReference; lastKnownFileType = sourcecode.swift; path = AppDelegate.swift; sourceTree = "<group>"; };
		ED9B38AA1C501F4300FC45B6 /* Base */ = {isa = PBXFileReference; lastKnownFileType = file.storyboard; name = Base; path = Base.lproj/Main.storyboard; sourceTree = "<group>"; };
		ED9B38AC1C501F4300FC45B6 /* Assets.xcassets */ = {isa = PBXFileReference; lastKnownFileType = folder.assetcatalog; path = Assets.xcassets; sourceTree = "<group>"; };
		ED9B38AF1C501F4300FC45B6 /* Base */ = {isa = PBXFileReference; lastKnownFileType = file.storyboard; name = Base; path = Base.lproj/LaunchScreen.storyboard; sourceTree = "<group>"; };
		ED9B38B11C501F4300FC45B6 /* Info.plist */ = {isa = PBXFileReference; lastKnownFileType = text.plist.xml; path = Info.plist; sourceTree = "<group>"; };
		ED9B38B61C501F4300FC45B6 /* iosUITests.xctest */ = {isa = PBXFileReference; explicitFileType = wrapper.cfbundle; includeInIndex = 0; path = iosUITests.xctest; sourceTree = BUILT_PRODUCTS_DIR; };
		ED9B38BA1C501F4300FC45B6 /* iosUITests.swift */ = {isa = PBXFileReference; lastKnownFileType = sourcecode.swift; path = iosUITests.swift; sourceTree = "<group>"; };
		ED9B38BC1C501F4300FC45B6 /* Info.plist */ = {isa = PBXFileReference; lastKnownFileType = text.plist.xml; path = Info.plist; sourceTree = "<group>"; };
		ED9B38C51C501FE700FC45B6 /* LoginViewController.swift */ = {isa = PBXFileReference; fileEncoding = 4; lastKnownFileType = sourcecode.swift; path = LoginViewController.swift; sourceTree = "<group>"; };
		ED9B38C71C50300A00FC45B6 /* RegisterViewController.swift */ = {isa = PBXFileReference; fileEncoding = 4; lastKnownFileType = sourcecode.swift; path = RegisterViewController.swift; sourceTree = "<group>"; };
		ED9B38C91C5044D700FC45B6 /* prev.png */ = {isa = PBXFileReference; lastKnownFileType = image.png; name = prev.png; path = ../../art/prev.png; sourceTree = "<group>"; };
		ED9B38CA1C5044D700FC45B6 /* high.png */ = {isa = PBXFileReference; lastKnownFileType = image.png; name = high.png; path = ../../art/high.png; sourceTree = "<group>"; };
		ED9B38CB1C5044D700FC45B6 /* icon.png */ = {isa = PBXFileReference; lastKnownFileType = image.png; name = icon.png; path = ../../art/icon.png; sourceTree = "<group>"; };
		ED9B38CC1C5044D700FC45B6 /* icon.psd */ = {isa = PBXFileReference; lastKnownFileType = file; name = icon.psd; path = ../../art/icon.psd; sourceTree = "<group>"; };
		ED9B38CD1C5044D700FC45B6 /* noshadow.png */ = {isa = PBXFileReference; lastKnownFileType = image.png; name = noshadow.png; path = ../../art/noshadow.png; sourceTree = "<group>"; };
		ED9B38D41C50482400FC45B6 /* 512.png */ = {isa = PBXFileReference; lastKnownFileType = image.png; name = 512.png; path = ../../art/512.png; sourceTree = "<group>"; };
		ED9B38D61C5059E700FC45B6 /* rsz_4high.png */ = {isa = PBXFileReference; lastKnownFileType = image.png; name = rsz_4high.png; path = ../../../../Downloads/rsz_4high.png; sourceTree = "<group>"; };
		ED9B38D71C5059E700FC45B6 /* rsz_3high.png */ = {isa = PBXFileReference; lastKnownFileType = image.png; name = rsz_3high.png; path = ../../../../Downloads/rsz_3high.png; sourceTree = "<group>"; };
		ED9B38D81C5059E700FC45B6 /* rsz_2high.png */ = {isa = PBXFileReference; lastKnownFileType = image.png; name = rsz_2high.png; path = ../../../../Downloads/rsz_2high.png; sourceTree = "<group>"; };
		ED9B38D91C5059E700FC45B6 /* rsz_1high.png */ = {isa = PBXFileReference; lastKnownFileType = image.png; name = rsz_1high.png; path = ../../../../Downloads/rsz_1high.png; sourceTree = "<group>"; };
		ED9B38DA1C5059E700FC45B6 /* rsz_high.png */ = {isa = PBXFileReference; lastKnownFileType = image.png; name = rsz_high.png; path = ../../../../Downloads/rsz_high.png; sourceTree = "<group>"; };
		ED9B38E01C5185A700FC45B6 /* MainViewController.swift */ = {isa = PBXFileReference; fileEncoding = 4; lastKnownFileType = sourcecode.swift; path = MainViewController.swift; sourceTree = "<group>"; };
		ED9B38E31C518C5B00FC45B6 /* Diskcached.swift */ = {isa = PBXFileReference; fileEncoding = 4; lastKnownFileType = sourcecode.swift; path = Diskcached.swift; sourceTree = "<group>"; };
		ED9B38E41C518C5B00FC45B6 /* ImageLoader.h */ = {isa = PBXFileReference; fileEncoding = 4; lastKnownFileType = sourcecode.c.h; path = ImageLoader.h; sourceTree = "<group>"; };
		ED9B38E51C518C5B00FC45B6 /* ImageLoader.swift */ = {isa = PBXFileReference; fileEncoding = 4; lastKnownFileType = sourcecode.swift; path = ImageLoader.swift; sourceTree = "<group>"; };
		ED9B38E61C518C5B00FC45B6 /* Info.plist */ = {isa = PBXFileReference; fileEncoding = 4; lastKnownFileType = text.plist.xml; path = Info.plist; sourceTree = "<group>"; };
		ED9B38E71C518C5B00FC45B6 /* Manager.swift */ = {isa = PBXFileReference; fileEncoding = 4; lastKnownFileType = sourcecode.swift; path = Manager.swift; sourceTree = "<group>"; };
		ED9B38E81C518C5B00FC45B6 /* UIImage+ImageLoader.swift */ = {isa = PBXFileReference; fileEncoding = 4; lastKnownFileType = sourcecode.swift; path = "UIImage+ImageLoader.swift"; sourceTree = "<group>"; };
		ED9B38E91C518C5B00FC45B6 /* UIImageView+ImageLoader.swift */ = {isa = PBXFileReference; fileEncoding = 4; lastKnownFileType = sourcecode.swift; path = "UIImageView+ImageLoader.swift"; sourceTree = "<group>"; };
		ED9B38F01C518EF000FC45B6 /* ios-Bridging-Header.h */ = {isa = PBXFileReference; lastKnownFileType = sourcecode.c.h; path = "ios-Bridging-Header.h"; sourceTree = "<group>"; };
		ED9B38F71C51B04300FC45B6 /* TabBar.swift */ = {isa = PBXFileReference; fileEncoding = 4; lastKnownFileType = sourcecode.swift; path = TabBar.swift; sourceTree = "<group>"; };
		ED9B38FB1C51D92100FC45B6 /* rsz_placeholder-user-photo.png */ = {isa = PBXFileReference; lastKnownFileType = image.png; name = "rsz_placeholder-user-photo.png"; path = "../rsz_placeholder-user-photo.png"; sourceTree = "<group>"; };
/* End PBXFileReference section */

/* Begin PBXFrameworksBuildPhase section */
		ED9B389F1C501F4200FC45B6 /* Frameworks */ = {
			isa = PBXFrameworksBuildPhase;
			buildActionMask = 2147483647;
			files = (
			);
			runOnlyForDeploymentPostprocessing = 0;
		};
		ED9B38B31C501F4300FC45B6 /* Frameworks */ = {
			isa = PBXFrameworksBuildPhase;
			buildActionMask = 2147483647;
			files = (
			);
			runOnlyForDeploymentPostprocessing = 0;
		};
/* End PBXFrameworksBuildPhase section */

/* Begin PBXGroup section */
		ED9B38991C501F4200FC45B6 = {
			isa = PBXGroup;
			children = (
				ED9B38A41C501F4200FC45B6 /* ios */,
				ED9B38B91C501F4300FC45B6 /* iosUITests */,
				ED9B38A31C501F4200FC45B6 /* Products */,
			);
			sourceTree = "<group>";
		};
		ED9B38A31C501F4200FC45B6 /* Products */ = {
			isa = PBXGroup;
			children = (
				ED9B38A21C501F4200FC45B6 /* ios.app */,
				ED9B38B61C501F4300FC45B6 /* iosUITests.xctest */,
			);
			name = Products;
			sourceTree = "<group>";
		};
		ED9B38A41C501F4200FC45B6 /* ios */ = {
			isa = PBXGroup;
			children = (
				ED9B38A51C501F4300FC45B6 /* AppDelegate.swift */,
				ED9B38C51C501FE700FC45B6 /* LoginViewController.swift */,
				ED9B38C71C50300A00FC45B6 /* RegisterViewController.swift */,
				ED9B38E01C5185A700FC45B6 /* MainViewController.swift */,
				ED9B38F71C51B04300FC45B6 /* TabBar.swift */,
				ED9B38A91C501F4300FC45B6 /* Main.storyboard */,
				ED9B38AC1C501F4300FC45B6 /* Assets.xcassets */,
				ED9B38AE1C501F4300FC45B6 /* LaunchScreen.storyboard */,
				ED9B38E21C518C5B00FC45B6 /* ImageLoader */,
				ED9B38D31C5044E900FC45B6 /* art */,
				ED9B38B11C501F4300FC45B6 /* Info.plist */,
				ED9B38F01C518EF000FC45B6 /* ios-Bridging-Header.h */,
			);
			path = ios;
			sourceTree = "<group>";
		};
		ED9B38B91C501F4300FC45B6 /* iosUITests */ = {
			isa = PBXGroup;
			children = (
				ED9B38BA1C501F4300FC45B6 /* iosUITests.swift */,
				ED9B38BC1C501F4300FC45B6 /* Info.plist */,
			);
			path = iosUITests;
			sourceTree = "<group>";
		};
		ED9B38D31C5044E900FC45B6 /* art */ = {
			isa = PBXGroup;
			children = (
				ED9B38FB1C51D92100FC45B6 /* rsz_placeholder-user-photo.png */,
				ED9B38D61C5059E700FC45B6 /* rsz_4high.png */,
				ED9B38D71C5059E700FC45B6 /* rsz_3high.png */,
				ED9B38D81C5059E700FC45B6 /* rsz_2high.png */,
				ED9B38D91C5059E700FC45B6 /* rsz_1high.png */,
				ED9B38DA1C5059E700FC45B6 /* rsz_high.png */,
				ED9B38C91C5044D700FC45B6 /* prev.png */,
				ED9B38D41C50482400FC45B6 /* 512.png */,
				ED9B38CA1C5044D700FC45B6 /* high.png */,
				ED9B38CB1C5044D700FC45B6 /* icon.png */,
				ED9B38CC1C5044D700FC45B6 /* icon.psd */,
				ED9B38CD1C5044D700FC45B6 /* noshadow.png */,
			);
			name = art;
			sourceTree = "<group>";
		};
		ED9B38E21C518C5B00FC45B6 /* ImageLoader */ = {
			isa = PBXGroup;
			children = (
				ED9B38E31C518C5B00FC45B6 /* Diskcached.swift */,
				ED9B38E41C518C5B00FC45B6 /* ImageLoader.h */,
				ED9B38E51C518C5B00FC45B6 /* ImageLoader.swift */,
				ED9B38E61C518C5B00FC45B6 /* Info.plist */,
				ED9B38E71C518C5B00FC45B6 /* Manager.swift */,
				ED9B38E81C518C5B00FC45B6 /* UIImage+ImageLoader.swift */,
				ED9B38E91C518C5B00FC45B6 /* UIImageView+ImageLoader.swift */,
			);
			path = ImageLoader;
			sourceTree = "<group>";
		};
/* End PBXGroup section */

/* Begin PBXNativeTarget section */
		ED9B38A11C501F4200FC45B6 /* ios */ = {
			isa = PBXNativeTarget;
			buildConfigurationList = ED9B38BF1C501F4300FC45B6 /* Build configuration list for PBXNativeTarget "ios" */;
			buildPhases = (
				ED9B389E1C501F4200FC45B6 /* Sources */,
				ED9B389F1C501F4200FC45B6 /* Frameworks */,
				ED9B38A01C501F4200FC45B6 /* Resources */,
			);
			buildRules = (
			);
			dependencies = (
			);
			name = ios;
			productName = ios;
			productReference = ED9B38A21C501F4200FC45B6 /* ios.app */;
			productType = "com.apple.product-type.application";
		};
		ED9B38B51C501F4300FC45B6 /* iosUITests */ = {
			isa = PBXNativeTarget;
			buildConfigurationList = ED9B38C21C501F4300FC45B6 /* Build configuration list for PBXNativeTarget "iosUITests" */;
			buildPhases = (
				ED9B38B21C501F4300FC45B6 /* Sources */,
				ED9B38B31C501F4300FC45B6 /* Frameworks */,
				ED9B38B41C501F4300FC45B6 /* Resources */,
			);
			buildRules = (
			);
			dependencies = (
				ED9B38B81C501F4300FC45B6 /* PBXTargetDependency */,
			);
			name = iosUITests;
			productName = iosUITests;
			productReference = ED9B38B61C501F4300FC45B6 /* iosUITests.xctest */;
			productType = "com.apple.product-type.bundle.ui-testing";
		};
/* End PBXNativeTarget section */

/* Begin PBXProject section */
		ED9B389A1C501F4200FC45B6 /* Project object */ = {
			isa = PBXProject;
			attributes = {
				LastSwiftUpdateCheck = 0720;
				LastUpgradeCheck = 0720;
				ORGANIZATIONNAME = "Ivan Chau & Peter Soboyejo";
				TargetAttributes = {
					ED9B38A11C501F4200FC45B6 = {
						CreatedOnToolsVersion = 7.2;
					};
					ED9B38B51C501F4300FC45B6 = {
						CreatedOnToolsVersion = 7.2;
						TestTargetID = ED9B38A11C501F4200FC45B6;
					};
				};
			};
			buildConfigurationList = ED9B389D1C501F4200FC45B6 /* Build configuration list for PBXProject "ios" */;
			compatibilityVersion = "Xcode 3.2";
			developmentRegion = English;
			hasScannedForEncodings = 0;
			knownRegions = (
				en,
				Base,
			);
			mainGroup = ED9B38991C501F4200FC45B6;
			productRefGroup = ED9B38A31C501F4200FC45B6 /* Products */;
			projectDirPath = "";
			projectRoot = "";
			targets = (
				ED9B38A11C501F4200FC45B6 /* ios */,
				ED9B38B51C501F4300FC45B6 /* iosUITests */,
			);
		};
/* End PBXProject section */

/* Begin PBXResourcesBuildPhase section */
		ED9B38A01C501F4200FC45B6 /* Resources */ = {
			isa = PBXResourcesBuildPhase;
			buildActionMask = 2147483647;
			files = (
				ED9B38DD1C5059E700FC45B6 /* rsz_2high.png in Resources */,
				ED9B38CE1C5044D700FC45B6 /* prev.png in Resources */,
				ED9B38CF1C5044D700FC45B6 /* high.png in Resources */,
				ED9B38DF1C5059E700FC45B6 /* rsz_high.png in Resources */,
				ED9B38D21C5044D700FC45B6 /* noshadow.png in Resources */,
				ED9B38FC1C51D92100FC45B6 /* rsz_placeholder-user-photo.png in Resources */,
				ED9B38D01C5044D700FC45B6 /* icon.png in Resources */,
				ED9B38B01C501F4300FC45B6 /* LaunchScreen.storyboard in Resources */,
				ED9B38AD1C501F4300FC45B6 /* Assets.xcassets in Resources */,
				ED9B38EC1C518C5B00FC45B6 /* Info.plist in Resources */,
				ED9B38DE1C5059E700FC45B6 /* rsz_1high.png in Resources */,
				ED9B38D51C50482400FC45B6 /* 512.png in Resources */,
				ED9B38AB1C501F4300FC45B6 /* Main.storyboard in Resources */,
				ED9B38DC1C5059E700FC45B6 /* rsz_3high.png in Resources */,
				ED9B38DB1C5059E700FC45B6 /* rsz_4high.png in Resources */,
				ED9B38D11C5044D700FC45B6 /* icon.psd in Resources */,
			);
			runOnlyForDeploymentPostprocessing = 0;
		};
		ED9B38B41C501F4300FC45B6 /* Resources */ = {
			isa = PBXResourcesBuildPhase;
			buildActionMask = 2147483647;
			files = (
			);
			runOnlyForDeploymentPostprocessing = 0;
		};
/* End PBXResourcesBuildPhase section */

/* Begin PBXSourcesBuildPhase section */
		ED9B389E1C501F4200FC45B6 /* Sources */ = {
			isa = PBXSourcesBuildPhase;
			buildActionMask = 2147483647;
			files = (
				ED9B38EA1C518C5B00FC45B6 /* Diskcached.swift in Sources */,
				ED9B38C81C50300A00FC45B6 /* RegisterViewController.swift in Sources */,
				ED9B38EE1C518C5B00FC45B6 /* UIImage+ImageLoader.swift in Sources */,
				ED9B38EB1C518C5B00FC45B6 /* ImageLoader.swift in Sources */,
				ED9B38C61C501FE700FC45B6 /* LoginViewController.swift in Sources */,
				ED9B38EF1C518C5B00FC45B6 /* UIImageView+ImageLoader.swift in Sources */,
				ED9B38ED1C518C5B00FC45B6 /* Manager.swift in Sources */,
				ED9B38A61C501F4300FC45B6 /* AppDelegate.swift in Sources */,
				ED9B38E11C5185A700FC45B6 /* MainViewController.swift in Sources */,
				ED9B38F81C51B04300FC45B6 /* TabBar.swift in Sources */,
			);
			runOnlyForDeploymentPostprocessing = 0;
		};
		ED9B38B21C501F4300FC45B6 /* Sources */ = {
			isa = PBXSourcesBuildPhase;
			buildActionMask = 2147483647;
			files = (
				ED9B38BB1C501F4300FC45B6 /* iosUITests.swift in Sources */,
			);
			runOnlyForDeploymentPostprocessing = 0;
		};
/* End PBXSourcesBuildPhase section */

/* Begin PBXTargetDependency section */
		ED9B38B81C501F4300FC45B6 /* PBXTargetDependency */ = {
			isa = PBXTargetDependency;
			target = ED9B38A11C501F4200FC45B6 /* ios */;
			targetProxy = ED9B38B71C501F4300FC45B6 /* PBXContainerItemProxy */;
		};
/* End PBXTargetDependency section */

/* Begin PBXVariantGroup section */
		ED9B38A91C501F4300FC45B6 /* Main.storyboard */ = {
			isa = PBXVariantGroup;
			children = (
				ED9B38AA1C501F4300FC45B6 /* Base */,
			);
			name = Main.storyboard;
			sourceTree = "<group>";
		};
		ED9B38AE1C501F4300FC45B6 /* LaunchScreen.storyboard */ = {
			isa = PBXVariantGroup;
			children = (
				ED9B38AF1C501F4300FC45B6 /* Base */,
			);
			name = LaunchScreen.storyboard;
			sourceTree = "<group>";
		};
/* End PBXVariantGroup section */

/* Begin XCBuildConfiguration section */
		ED9B38BD1C501F4300FC45B6 /* Debug */ = {
			isa = XCBuildConfiguration;
			buildSettings = {
				ALWAYS_SEARCH_USER_PATHS = NO;
				CLANG_CXX_LANGUAGE_STANDARD = "gnu++0x";
				CLANG_CXX_LIBRARY = "libc++";
				CLANG_ENABLE_MODULES = YES;
				CLANG_ENABLE_OBJC_ARC = YES;
				CLANG_WARN_BOOL_CONVERSION = YES;
				CLANG_WARN_CONSTANT_CONVERSION = YES;
				CLANG_WARN_DIRECT_OBJC_ISA_USAGE = YES_ERROR;
				CLANG_WARN_EMPTY_BODY = YES;
				CLANG_WARN_ENUM_CONVERSION = YES;
				CLANG_WARN_INT_CONVERSION = YES;
				CLANG_WARN_OBJC_ROOT_CLASS = YES_ERROR;
				CLANG_WARN_UNREACHABLE_CODE = YES;
				CLANG_WARN__DUPLICATE_METHOD_MATCH = YES;
				"CODE_SIGN_IDENTITY[sdk=iphoneos*]" = "iPhone Developer";
				COPY_PHASE_STRIP = NO;
				DEBUG_INFORMATION_FORMAT = dwarf;
				ENABLE_STRICT_OBJC_MSGSEND = YES;
				ENABLE_TESTABILITY = YES;
				GCC_C_LANGUAGE_STANDARD = gnu99;
				GCC_DYNAMIC_NO_PIC = NO;
				GCC_NO_COMMON_BLOCKS = YES;
				GCC_OPTIMIZATION_LEVEL = 0;
				GCC_PREPROCESSOR_DEFINITIONS = (
					"DEBUG=1",
					"$(inherited)",
				);
				GCC_WARN_64_TO_32_BIT_CONVERSION = YES;
				GCC_WARN_ABOUT_RETURN_TYPE = YES_ERROR;
				GCC_WARN_UNDECLARED_SELECTOR = YES;
				GCC_WARN_UNINITIALIZED_AUTOS = YES_AGGRESSIVE;
				GCC_WARN_UNUSED_FUNCTION = YES;
				GCC_WARN_UNUSED_VARIABLE = YES;
				IPHONEOS_DEPLOYMENT_TARGET = 9.2;
				MTL_ENABLE_DEBUG_INFO = YES;
				ONLY_ACTIVE_ARCH = YES;
				SDKROOT = iphoneos;
				SWIFT_OPTIMIZATION_LEVEL = "-Onone";
			};
			name = Debug;
		};
		ED9B38BE1C501F4300FC45B6 /* Release */ = {
			isa = XCBuildConfiguration;
			buildSettings = {
				ALWAYS_SEARCH_USER_PATHS = NO;
				CLANG_CXX_LANGUAGE_STANDARD = "gnu++0x";
				CLANG_CXX_LIBRARY = "libc++";
				CLANG_ENABLE_MODULES = YES;
				CLANG_ENABLE_OBJC_ARC = YES;
				CLANG_WARN_BOOL_CONVERSION = YES;
				CLANG_WARN_CONSTANT_CONVERSION = YES;
				CLANG_WARN_DIRECT_OBJC_ISA_USAGE = YES_ERROR;
				CLANG_WARN_EMPTY_BODY = YES;
				CLANG_WARN_ENUM_CONVERSION = YES;
				CLANG_WARN_INT_CONVERSION = YES;
				CLANG_WARN_OBJC_ROOT_CLASS = YES_ERROR;
				CLANG_WARN_UNREACHABLE_CODE = YES;
				CLANG_WARN__DUPLICATE_METHOD_MATCH = YES;
				"CODE_SIGN_IDENTITY[sdk=iphoneos*]" = "iPhone Developer";
				COPY_PHASE_STRIP = NO;
				DEBUG_INFORMATION_FORMAT = "dwarf-with-dsym";
				ENABLE_NS_ASSERTIONS = NO;
				ENABLE_STRICT_OBJC_MSGSEND = YES;
				GCC_C_LANGUAGE_STANDARD = gnu99;
				GCC_NO_COMMON_BLOCKS = YES;
				GCC_WARN_64_TO_32_BIT_CONVERSION = YES;
				GCC_WARN_ABOUT_RETURN_TYPE = YES_ERROR;
				GCC_WARN_UNDECLARED_SELECTOR = YES;
				GCC_WARN_UNINITIALIZED_AUTOS = YES_AGGRESSIVE;
				GCC_WARN_UNUSED_FUNCTION = YES;
				GCC_WARN_UNUSED_VARIABLE = YES;
				IPHONEOS_DEPLOYMENT_TARGET = 9.2;
				MTL_ENABLE_DEBUG_INFO = NO;
				SDKROOT = iphoneos;
				VALIDATE_PRODUCT = YES;
			};
			name = Release;
		};
		ED9B38C01C501F4300FC45B6 /* Debug */ = {
			isa = XCBuildConfiguration;
			buildSettings = {
				ASSETCATALOG_COMPILER_APPICON_NAME = AppIcon;
				CLANG_ENABLE_MODULES = YES;
				INFOPLIST_FILE = ios/Info.plist;
				LD_RUNPATH_SEARCH_PATHS = "$(inherited) @executable_path/Frameworks";
				PRODUCT_BUNDLE_IDENTIFIER = "com.ichauster-crxdit.ios";
				PRODUCT_NAME = "$(TARGET_NAME)";
				SWIFT_OBJC_BRIDGING_HEADER = "ios/ios-Bridging-Header.h";
				SWIFT_OPTIMIZATION_LEVEL = "-Onone";
			};
			name = Debug;
		};
		ED9B38C11C501F4300FC45B6 /* Release */ = {
			isa = XCBuildConfiguration;
			buildSettings = {
				ASSETCATALOG_COMPILER_APPICON_NAME = AppIcon;
				CLANG_ENABLE_MODULES = YES;
				INFOPLIST_FILE = ios/Info.plist;
				LD_RUNPATH_SEARCH_PATHS = "$(inherited) @executable_path/Frameworks";
				PRODUCT_BUNDLE_IDENTIFIER = "com.ichauster-crxdit.ios";
				PRODUCT_NAME = "$(TARGET_NAME)";
				SWIFT_OBJC_BRIDGING_HEADER = "ios/ios-Bridging-Header.h";
			};
			name = Release;
		};
		ED9B38C31C501F4300FC45B6 /* Debug */ = {
			isa = XCBuildConfiguration;
			buildSettings = {
				INFOPLIST_FILE = iosUITests/Info.plist;
				LD_RUNPATH_SEARCH_PATHS = "$(inherited) @executable_path/Frameworks @loader_path/Frameworks";
				PRODUCT_BUNDLE_IDENTIFIER = "com.ichauster-crxdit.iosUITests";
				PRODUCT_NAME = "$(TARGET_NAME)";
				TEST_TARGET_NAME = ios;
				USES_XCTRUNNER = YES;
			};
			name = Debug;
		};
		ED9B38C41C501F4300FC45B6 /* Release */ = {
			isa = XCBuildConfiguration;
			buildSettings = {
				INFOPLIST_FILE = iosUITests/Info.plist;
				LD_RUNPATH_SEARCH_PATHS = "$(inherited) @executable_path/Frameworks @loader_path/Frameworks";
				PRODUCT_BUNDLE_IDENTIFIER = "com.ichauster-crxdit.iosUITests";
				PRODUCT_NAME = "$(TARGET_NAME)";
				TEST_TARGET_NAME = ios;
				USES_XCTRUNNER = YES;
			};
			name = Release;
		};
/* End XCBuildConfiguration section */

/* Begin XCConfigurationList section */
		ED9B389D1C501F4200FC45B6 /* Build configuration list for PBXProject "ios" */ = {
			isa = XCConfigurationList;
			buildConfigurations = (
				ED9B38BD1C501F4300FC45B6 /* Debug */,
				ED9B38BE1C501F4300FC45B6 /* Release */,
			);
			defaultConfigurationIsVisible = 0;
			defaultConfigurationName = Release;
		};
		ED9B38BF1C501F4300FC45B6 /* Build configuration list for PBXNativeTarget "ios" */ = {
			isa = XCConfigurationList;
			buildConfigurations = (
				ED9B38C01C501F4300FC45B6 /* Debug */,
				ED9B38C11C501F4300FC45B6 /* Release */,
			);
			defaultConfigurationIsVisible = 0;
		};
		ED9B38C21C501F4300FC45B6 /* Build configuration list for PBXNativeTarget "iosUITests" */ = {
			isa = XCConfigurationList;
			buildConfigurations = (
				ED9B38C31C501F4300FC45B6 /* Debug */,
				ED9B38C41C501F4300FC45B6 /* Release */,
			);
			defaultConfigurationIsVisible = 0;
		};
/* End XCConfigurationList section */
	};
	rootObject = ED9B389A1C501F4200FC45B6 /* Project object */;
}
